{
  "nodes": {
    "expo-nix": {
      "inputs": {
        "gcloud-nix": "gcloud-nix",
        "javascript-nix": "javascript-nix",
        "make-shell": "make-shell",
        "treefmt-nix": "treefmt-nix",
        "update-flake": "update-flake"
      },
      "locked": {
        "path": "..",
        "type": "path"
      },
      "original": {
        "path": "..",
        "type": "path"
      },
      "parent": []
    },
    "flake-compat": {
      "flake": false,
      "locked": {
        "lastModified": 1696426674,
        "narHash": "sha256-kvjfFW7WAETZlt09AgDn1MrtKzP7t90Vf7vypd3OL1U=",
        "owner": "edolstra",
        "repo": "flake-compat",
        "rev": "0f9255e01c2351cc7d116c072cb317785dd33b33",
        "type": "github"
      },
      "original": {
        "owner": "edolstra",
        "repo": "flake-compat",
        "type": "github"
      }
    },
    "flake-parts": {
      "inputs": {
        "nixpkgs-lib": "nixpkgs-lib"
      },
      "locked": {
        "lastModified": 1760948891,
        "narHash": "sha256-TmWcdiUUaWk8J4lpjzu4gCGxWY6/Ok7mOK4fIFfBuU4=",
        "owner": "hercules-ci",
        "repo": "flake-parts",
        "rev": "864599284fc7c0ba6357ed89ed5e2cd5040f0c04",
        "type": "github"
      },
      "original": {
        "owner": "hercules-ci",
        "repo": "flake-parts",
        "type": "github"
      }
    },
    "gcloud-nix": {
      "locked": {
        "lastModified": 1728584887,
        "narHash": "sha256-CicrY1SGK2HIIFTcx2dc+yf1MyJQKRO0pA/fo9rGH/U=",
        "owner": "nicknovitski",
        "repo": "gcloud-nix",
        "rev": "22132bbb074c02f72181d6b94168f323421c0af9",
        "type": "github"
      },
      "original": {
        "owner": "nicknovitski",
        "ref": "v1",
        "repo": "gcloud-nix",
        "type": "github"
      }
    },
    "javascript-nix": {
      "locked": {
        "lastModified": 1729789876,
        "narHash": "sha256-c4wfYvxndV/gOhW+zlCNP2sGE+xImqmQg3oyumSi2cY=",
        "owner": "nicknovitski",
        "repo": "javascript-nix",
        "rev": "4524e28ff3a1624480d2ece2397ca9262d70cef8",
        "type": "github"
      },
      "original": {
        "owner": "nicknovitski",
        "ref": "v1",
        "repo": "javascript-nix",
        "type": "github"
      }
    },
    "make-shell": {
      "inputs": {
        "flake-compat": "flake-compat"
      },
      "locked": {
        "lastModified": 1731391731,
        "narHash": "sha256-5XOfn5gZCngyOAOpTdEzkbS/xBgdnjaG5YH15rioDmI=",
        "owner": "nicknovitski",
        "repo": "make-shell",
        "rev": "6c5aedcc79aad0ae98cad1b784e8336eff488300",
        "type": "github"
      },
      "original": {
        "owner": "nicknovitski",
        "repo": "make-shell",
        "type": "github"
      }
    },
    "nixpkgs": {
      "locked": {
        "lastModified": 1754340878,
        "narHash": "sha256-lgmUyVQL9tSnvvIvBp7x1euhkkCho7n3TMzgjdvgPoU=",
        "owner": "nixos",
        "repo": "nixpkgs",
        "rev": "cab778239e705082fe97bb4990e0d24c50924c04",
        "type": "github"
      },
      "original": {
        "owner": "nixos",
        "ref": "nixpkgs-unstable",
        "repo": "nixpkgs",
        "type": "github"
      }
    },
    "nixpkgs-lib": {
      "locked": {
        "lastModified": 1754788789,
        "narHash": "sha256-x2rJ+Ovzq0sCMpgfgGaaqgBSwY+LST+WbZ6TytnT9Rk=",
        "owner": "nix-community",
        "repo": "nixpkgs.lib",
        "rev": "a73b9c743612e4244d865a2fdee11865283c04e6",
        "type": "github"
      },
      "original": {
        "owner": "nix-community",
        "repo": "nixpkgs.lib",
        "type": "github"
      }
    },
    "nixpkgs_2": {
      "locked": {
        "lastModified": 1761373498,
        "narHash": "sha256-Q/uhWNvd7V7k1H1ZPMy/vkx3F8C13ZcdrKjO7Jv7v0c=",
        "owner": "NixOS",
        "repo": "nixpkgs",
        "rev": "6a08e6bb4e46ff7fcbb53d409b253f6bad8a28ce",
        "type": "github"
      },
      "original": {
        "owner": "NixOS",
        "ref": "nixos-unstable",
        "repo": "nixpkgs",
        "type": "github"
      }
    },
    "root": {
      "inputs": {
        "expo-nix": "expo-nix",
        "flake-parts": "flake-parts",
        "nixpkgs": "nixpkgs_2"
      }
    },
    "treefmt-nix": {
      "inputs": {
        "nixpkgs": "nixpkgs"
      },
      "locked": {
        "lastModified": 1760120816,
        "narHash": "sha256-gq9rdocpmRZCwLS5vsHozwB6b5nrOBDNc2kkEaTXHfg=",
        "owner": "numtide",
        "repo": "treefmt-nix",
        "rev": "761ae7aff00907b607125b2f57338b74177697ed",
        "type": "github"
      },
      "original": {
        "owner": "numtide",
        "repo": "treefmt-nix",
        "type": "github"
      }
    },
    "update-flake": {
      "locked": {
        "lastModified": 1720561575,
        "narHash": "sha256-1kbWTsnIeSbfVCH1h/JlNUPHpmjEVIINXU5aVcteMW4=",
        "owner": "nicknovitski",
        "repo": "update-flake",
        "rev": "45e05df9e6dc4200395ca37f27db8473197e7ea1",
        "type": "github"
      },
      "original": {
        "owner": "nicknovitski",
        "repo": "update-flake",
        "type": "github"
      }
    }
  },
  "root": "root",
  "version": 7
}
